// !$*UTF8*$!
{
	archiveVersion = 1;
	classes = {
	};
	objectVersion = 56;
	objects = {

/* Begin PBXBuildFile section */
		EE2492EC2BC2CC9D00051E5E /* LoginView.swift in Sources */ = {isa = PBXBuildFile; fileRef = EE2492EB2BC2CC9D00051E5E /* LoginView.swift */; };
		EE2492EE2BC2CCAE00051E5E /* SignupView.swift in Sources */ = {isa = PBXBuildFile; fileRef = EE2492ED2BC2CCAE00051E5E /* SignupView.swift */; };
		EE2492F32BC2CF2200051E5E /* DashboardView.swift in Sources */ = {isa = PBXBuildFile; fileRef = EE2492F22BC2CF2200051E5E /* DashboardView.swift */; };
		EE2492F92BC2E2D800051E5E /* Keys.swift in Sources */ = {isa = PBXBuildFile; fileRef = EE2492F82BC2E2D800051E5E /* Keys.swift */; };
		EE2492FC2BC2F27200051E5E /* CameraView.swift in Sources */ = {isa = PBXBuildFile; fileRef = EE2492FB2BC2F27200051E5E /* CameraView.swift */; };
		EE287F432BC1DB2D00F59E5F /* LearningView.swift in Sources */ = {isa = PBXBuildFile; fileRef = EE287F422BC1DB2D00F59E5F /* LearningView.swift */; };
		EE287F6C2BC1DB3900F59E5F /* ProgressUIView.swift in Sources */ = {isa = PBXBuildFile; fileRef = EE287F452BC1DB3900F59E5F /* ProgressUIView.swift */; };
		EE287F6D2BC1DB3900F59E5F /* DividerView.swift in Sources */ = {isa = PBXBuildFile; fileRef = EE287F462BC1DB3900F59E5F /* DividerView.swift */; };
		EE287F6E2BC1DB3900F59E5F /* ScrollUIView.swift in Sources */ = {isa = PBXBuildFile; fileRef = EE287F472BC1DB3900F59E5F /* ScrollUIView.swift */; };
		EE287F6F2BC1DB3900F59E5F /* ColorPickerView.swift in Sources */ = {isa = PBXBuildFile; fileRef = EE287F482BC1DB3900F59E5F /* ColorPickerView.swift */; };
		EE287F702BC1DB3900F59E5F /* PickerView.swift in Sources */ = {isa = PBXBuildFile; fileRef = EE287F492BC1DB3900F59E5F /* PickerView.swift */; };
		EE287F712BC1DB3900F59E5F /* StepperView.swift in Sources */ = {isa = PBXBuildFile; fileRef = EE287F4A2BC1DB3900F59E5F /* StepperView.swift */; };
		EE287F722BC1DB3900F59E5F /* LazyVStackView.swift in Sources */ = {isa = PBXBuildFile; fileRef = EE287F4B2BC1DB3900F59E5F /* LazyVStackView.swift */; };
		EE287F732BC1DB3900F59E5F /* GaugeView.swift in Sources */ = {isa = PBXBuildFile; fileRef = EE287F4C2BC1DB3900F59E5F /* GaugeView.swift */; };
		EE287F742BC1DB3900F59E5F /* ListView.swift in Sources */ = {isa = PBXBuildFile; fileRef = EE287F4D2BC1DB3900F59E5F /* ListView.swift */; };
		EE287F752BC1DB3900F59E5F /* LinearGradientView.swift in Sources */ = {isa = PBXBuildFile; fileRef = EE287F4E2BC1DB3900F59E5F /* LinearGradientView.swift */; };
		EE287F762BC1DB3900F59E5F /* TextFieldView.swift in Sources */ = {isa = PBXBuildFile; fileRef = EE287F4F2BC1DB3900F59E5F /* TextFieldView.swift */; };
		EE287F772BC1DB3900F59E5F /* ToggleView.swift in Sources */ = {isa = PBXBuildFile; fileRef = EE287F502BC1DB3900F59E5F /* ToggleView.swift */; };
		EE287F782BC1DB3900F59E5F /* DisclosureGroupView.swift in Sources */ = {isa = PBXBuildFile; fileRef = EE287F512BC1DB3900F59E5F /* DisclosureGroupView.swift */; };
		EE287F792BC1DB3900F59E5F /* AngularGradientView.swift in Sources */ = {isa = PBXBuildFile; fileRef = EE287F522BC1DB3900F59E5F /* AngularGradientView.swift */; };
		EE287F7A2BC1DB3900F59E5F /* HStackView.swift in Sources */ = {isa = PBXBuildFile; fileRef = EE287F532BC1DB3900F59E5F /* HStackView.swift */; };
		EE287F7B2BC1DB3900F59E5F /* LazyVGridView.swift in Sources */ = {isa = PBXBuildFile; fileRef = EE287F542BC1DB3900F59E5F /* LazyVGridView.swift */; };
		EE287F7C2BC1DB3900F59E5F /* RadialGradientView.swift in Sources */ = {isa = PBXBuildFile; fileRef = EE287F552BC1DB3900F59E5F /* RadialGradientView.swift */; };
		EE287F7D2BC1DB3900F59E5F /* FormView.swift in Sources */ = {isa = PBXBuildFile; fileRef = EE287F562BC1DB3900F59E5F /* FormView.swift */; };
		EE287F7E2BC1DB3900F59E5F /* RoundedRectangleView.swift in Sources */ = {isa = PBXBuildFile; fileRef = EE287F572BC1DB3900F59E5F /* RoundedRectangleView.swift */; };
		EE287F7F2BC1DB3900F59E5F /* SpacerView.swift in Sources */ = {isa = PBXBuildFile; fileRef = EE287F582BC1DB3900F59E5F /* SpacerView.swift */; };
		EE287F802BC1DB3900F59E5F /* DatePickerView.swift in Sources */ = {isa = PBXBuildFile; fileRef = EE287F592BC1DB3900F59E5F /* DatePickerView.swift */; };
		EE287F812BC1DB3900F59E5F /* SliderView.swift in Sources */ = {isa = PBXBuildFile; fileRef = EE287F5A2BC1DB3900F59E5F /* SliderView.swift */; };
		EE287F822BC1DB3900F59E5F /* AlertView.swift in Sources */ = {isa = PBXBuildFile; fileRef = EE287F5B2BC1DB3900F59E5F /* AlertView.swift */; };
		EE287F832BC1DB3900F59E5F /* ZStackView.swift in Sources */ = {isa = PBXBuildFile; fileRef = EE287F5C2BC1DB3900F59E5F /* ZStackView.swift */; };
		EE287F842BC1DB3900F59E5F /* LazyHStackView.swift in Sources */ = {isa = PBXBuildFile; fileRef = EE287F5D2BC1DB3900F59E5F /* LazyHStackView.swift */; };
		EE287F852BC1DB3900F59E5F /* ActionSheetView.swift in Sources */ = {isa = PBXBuildFile; fileRef = EE287F5E2BC1DB3900F59E5F /* ActionSheetView.swift */; };
		EE287F862BC1DB3900F59E5F /* NavigationUIView.swift in Sources */ = {isa = PBXBuildFile; fileRef = EE287F5F2BC1DB3900F59E5F /* NavigationUIView.swift */; };
		EE287F872BC1DB3900F59E5F /* TextEditorView.swift in Sources */ = {isa = PBXBuildFile; fileRef = EE287F602BC1DB3900F59E5F /* TextEditorView.swift */; };
		EE287F882BC1DB3900F59E5F /* CircleView.swift in Sources */ = {isa = PBXBuildFile; fileRef = EE287F612BC1DB3900F59E5F /* CircleView.swift */; };
		EE287F892BC1DB3900F59E5F /* ImageView.swift in Sources */ = {isa = PBXBuildFile; fileRef = EE287F622BC1DB3900F59E5F /* ImageView.swift */; };
		EE287F8A2BC1DB3900F59E5F /* ContextMenuView.swift in Sources */ = {isa = PBXBuildFile; fileRef = EE287F632BC1DB3900F59E5F /* ContextMenuView.swift */; };
		EE287F8B2BC1DB3900F59E5F /* ActivityIndicatorView.swift in Sources */ = {isa = PBXBuildFile; fileRef = EE287F642BC1DB3900F59E5F /* ActivityIndicatorView.swift */; };
		EE287F8C2BC1DB3900F59E5F /* GroupUIView.swift in Sources */ = {isa = PBXBuildFile; fileRef = EE287F652BC1DB3900F59E5F /* GroupUIView.swift */; };
		EE287F8D2BC1DB3900F59E5F /* VStackView.swift in Sources */ = {isa = PBXBuildFile; fileRef = EE287F662BC1DB3900F59E5F /* VStackView.swift */; };
		EE287F8E2BC1DB3900F59E5F /* AccordionUIView.swift in Sources */ = {isa = PBXBuildFile; fileRef = EE287F672BC1DB3900F59E5F /* AccordionUIView.swift */; };
		EE287F8F2BC1DB3900F59E5F /* LazyHGridView.swift in Sources */ = {isa = PBXBuildFile; fileRef = EE287F682BC1DB3900F59E5F /* LazyHGridView.swift */; };
		EE287F902BC1DB3900F59E5F /* ButtonView.swift in Sources */ = {isa = PBXBuildFile; fileRef = EE287F692BC1DB3900F59E5F /* ButtonView.swift */; };
		EE287F912BC1DB3900F59E5F /* EllipseView.swift in Sources */ = {isa = PBXBuildFile; fileRef = EE287F6A2BC1DB3900F59E5F /* EllipseView.swift */; };
		EE287F922BC1DB3900F59E5F /* CapsuleView.swift in Sources */ = {isa = PBXBuildFile; fileRef = EE287F6B2BC1DB3900F59E5F /* CapsuleView.swift */; };
		EE694BE22BC1CA1C0010722F /* GoogleService-Info.plist in Resources */ = {isa = PBXBuildFile; fileRef = EE694BE12BC1CA1C0010722F /* GoogleService-Info.plist */; };
		EE694BEB2BC1CA4B0010722F /* WelcomeView.swift in Sources */ = {isa = PBXBuildFile; fileRef = EE694BE42BC1CA4B0010722F /* WelcomeView.swift */; };
		EE694BEC2BC1CA4B0010722F /* HomeView.swift in Sources */ = {isa = PBXBuildFile; fileRef = EE694BE52BC1CA4B0010722F /* HomeView.swift */; };
		EE694BED2BC1CA4B0010722F /* SignInView.swift in Sources */ = {isa = PBXBuildFile; fileRef = EE694BE62BC1CA4B0010722F /* SignInView.swift */; };
		EE694BEE2BC1CA4B0010722F /* SignUpView.swift in Sources */ = {isa = PBXBuildFile; fileRef = EE694BE72BC1CA4B0010722F /* SignUpView.swift */; };
		EE694BEF2BC1CA4B0010722F /* SignInSignUpButtonView.swift in Sources */ = {isa = PBXBuildFile; fileRef = EE694BE92BC1CA4B0010722F /* SignInSignUpButtonView.swift */; };
		EE694BF02BC1CA4B0010722F /* SignOutButtonView.swift in Sources */ = {isa = PBXBuildFile; fileRef = EE694BEA2BC1CA4B0010722F /* SignOutButtonView.swift */; };
		EE920E272BB9CCAD0049C96E /* SnapLensApp.swift in Sources */ = {isa = PBXBuildFile; fileRef = EE920E262BB9CCAD0049C96E /* SnapLensApp.swift */; };
		EE920E292BB9CCAD0049C96E /* ContentView.swift in Sources */ = {isa = PBXBuildFile; fileRef = EE920E282BB9CCAD0049C96E /* ContentView.swift */; };
		EE920E2B2BB9CCB20049C96E /* Assets.xcassets in Resources */ = {isa = PBXBuildFile; fileRef = EE920E2A2BB9CCB20049C96E /* Assets.xcassets */; };
		EE920E2E2BB9CCB20049C96E /* Preview Assets.xcassets in Resources */ = {isa = PBXBuildFile; fileRef = EE920E2D2BB9CCB20049C96E /* Preview Assets.xcassets */; };
		EE920E382BB9CCB30049C96E /* SnapLensTests.swift in Sources */ = {isa = PBXBuildFile; fileRef = EE920E372BB9CCB30049C96E /* SnapLensTests.swift */; };
		EE920E422BB9CCB30049C96E /* SnapLensUITests.swift in Sources */ = {isa = PBXBuildFile; fileRef = EE920E412BB9CCB30049C96E /* SnapLensUITests.swift */; };
		EE920E442BB9CCB30049C96E /* SnapLensUITestsLaunchTests.swift in Sources */ = {isa = PBXBuildFile; fileRef = EE920E432BB9CCB30049C96E /* SnapLensUITestsLaunchTests.swift */; };
		EE920E572BB9D44C0049C96E /* AuthExtension.swift in Sources */ = {isa = PBXBuildFile; fileRef = EE920E562BB9D44C0049C96E /* AuthExtension.swift */; };
		EE920E592BB9D4550049C96E /* AuthEnum.swift in Sources */ = {isa = PBXBuildFile; fileRef = EE920E582BB9D4550049C96E /* AuthEnum.swift */; };
		EE920E5B2BB9D4890049C96E /* AuthModel.swift in Sources */ = {isa = PBXBuildFile; fileRef = EE920E5A2BB9D4890049C96E /* AuthModel.swift */; };
		EE920E602BB9D4B70049C96E /* AuthController.swift in Sources */ = {isa = PBXBuildFile; fileRef = EE920E5F2BB9D4B70049C96E /* AuthController.swift */; };
		EE920E622BB9D4D60049C96E /* SplashView.swift in Sources */ = {isa = PBXBuildFile; fileRef = EE920E612BB9D4D60049C96E /* SplashView.swift */; };
		EE920E652BB9D6460049C96E /* APIRequest.swift in Sources */ = {isa = PBXBuildFile; fileRef = EE920E642BB9D6460049C96E /* APIRequest.swift */; };
		EE9D308F2BC1B36F00A1295E /* FirebaseAuth in Frameworks */ = {isa = PBXBuildFile; productRef = EE9D308E2BC1B36F00A1295E /* FirebaseAuth */; };
		EE9D30912BC1B42E00A1295E /* AppDelegate.swift in Sources */ = {isa = PBXBuildFile; fileRef = EE9D30902BC1B42E00A1295E /* AppDelegate.swift */; };
/* End PBXBuildFile section */

/* Begin PBXContainerItemProxy section */
		EE920E342BB9CCB30049C96E /* PBXContainerItemProxy */ = {
			isa = PBXContainerItemProxy;
			containerPortal = EE920E1B2BB9CCAD0049C96E /* Project object */;
			proxyType = 1;
			remoteGlobalIDString = EE920E222BB9CCAD0049C96E;
			remoteInfo = SnapLens;
		};
		EE920E3E2BB9CCB30049C96E /* PBXContainerItemProxy */ = {
			isa = PBXContainerItemProxy;
			containerPortal = EE920E1B2BB9CCAD0049C96E /* Project object */;
			proxyType = 1;
			remoteGlobalIDString = EE920E222BB9CCAD0049C96E;
			remoteInfo = SnapLens;
		};
/* End PBXContainerItemProxy section */

/* Begin PBXFileReference section */
		EE2492EB2BC2CC9D00051E5E /* LoginView.swift */ = {isa = PBXFileReference; lastKnownFileType = sourcecode.swift; path = LoginView.swift; sourceTree = "<group>"; };
		EE2492ED2BC2CCAE00051E5E /* SignupView.swift */ = {isa = PBXFileReference; lastKnownFileType = sourcecode.swift; path = SignupView.swift; sourceTree = "<group>"; };
		EE2492F22BC2CF2200051E5E /* DashboardView.swift */ = {isa = PBXFileReference; lastKnownFileType = sourcecode.swift; path = DashboardView.swift; sourceTree = "<group>"; };
		EE2492F82BC2E2D800051E5E /* Keys.swift */ = {isa = PBXFileReference; lastKnownFileType = sourcecode.swift; path = Keys.swift; sourceTree = "<group>"; };
		EE2492FB2BC2F27200051E5E /* CameraView.swift */ = {isa = PBXFileReference; lastKnownFileType = sourcecode.swift; path = CameraView.swift; sourceTree = "<group>"; };
		EE287F422BC1DB2D00F59E5F /* LearningView.swift */ = {isa = PBXFileReference; fileEncoding = 4; lastKnownFileType = sourcecode.swift; path = LearningView.swift; sourceTree = "<group>"; };
		EE287F452BC1DB3900F59E5F /* ProgressUIView.swift */ = {isa = PBXFileReference; fileEncoding = 4; lastKnownFileType = sourcecode.swift; path = ProgressUIView.swift; sourceTree = "<group>"; };
		EE287F462BC1DB3900F59E5F /* DividerView.swift */ = {isa = PBXFileReference; fileEncoding = 4; lastKnownFileType = sourcecode.swift; path = DividerView.swift; sourceTree = "<group>"; };
		EE287F472BC1DB3900F59E5F /* ScrollUIView.swift */ = {isa = PBXFileReference; fileEncoding = 4; lastKnownFileType = sourcecode.swift; path = ScrollUIView.swift; sourceTree = "<group>"; };
		EE287F482BC1DB3900F59E5F /* ColorPickerView.swift */ = {isa = PBXFileReference; fileEncoding = 4; lastKnownFileType = sourcecode.swift; path = ColorPickerView.swift; sourceTree = "<group>"; };
		EE287F492BC1DB3900F59E5F /* PickerView.swift */ = {isa = PBXFileReference; fileEncoding = 4; lastKnownFileType = sourcecode.swift; path = PickerView.swift; sourceTree = "<group>"; };
		EE287F4A2BC1DB3900F59E5F /* StepperView.swift */ = {isa = PBXFileReference; fileEncoding = 4; lastKnownFileType = sourcecode.swift; path = StepperView.swift; sourceTree = "<group>"; };
		EE287F4B2BC1DB3900F59E5F /* LazyVStackView.swift */ = {isa = PBXFileReference; fileEncoding = 4; lastKnownFileType = sourcecode.swift; path = LazyVStackView.swift; sourceTree = "<group>"; };
		EE287F4C2BC1DB3900F59E5F /* GaugeView.swift */ = {isa = PBXFileReference; fileEncoding = 4; lastKnownFileType = sourcecode.swift; path = GaugeView.swift; sourceTree = "<group>"; };
		EE287F4D2BC1DB3900F59E5F /* ListView.swift */ = {isa = PBXFileReference; fileEncoding = 4; lastKnownFileType = sourcecode.swift; path = ListView.swift; sourceTree = "<group>"; };
		EE287F4E2BC1DB3900F59E5F /* LinearGradientView.swift */ = {isa = PBXFileReference; fileEncoding = 4; lastKnownFileType = sourcecode.swift; path = LinearGradientView.swift; sourceTree = "<group>"; };
		EE287F4F2BC1DB3900F59E5F /* TextFieldView.swift */ = {isa = PBXFileReference; fileEncoding = 4; lastKnownFileType = sourcecode.swift; path = TextFieldView.swift; sourceTree = "<group>"; };
		EE287F502BC1DB3900F59E5F /* ToggleView.swift */ = {isa = PBXFileReference; fileEncoding = 4; lastKnownFileType = sourcecode.swift; path = ToggleView.swift; sourceTree = "<group>"; };
		EE287F512BC1DB3900F59E5F /* DisclosureGroupView.swift */ = {isa = PBXFileReference; fileEncoding = 4; lastKnownFileType = sourcecode.swift; path = DisclosureGroupView.swift; sourceTree = "<group>"; };
		EE287F522BC1DB3900F59E5F /* AngularGradientView.swift */ = {isa = PBXFileReference; fileEncoding = 4; lastKnownFileType = sourcecode.swift; path = AngularGradientView.swift; sourceTree = "<group>"; };
		EE287F532BC1DB3900F59E5F /* HStackView.swift */ = {isa = PBXFileReference; fileEncoding = 4; lastKnownFileType = sourcecode.swift; path = HStackView.swift; sourceTree = "<group>"; };
		EE287F542BC1DB3900F59E5F /* LazyVGridView.swift */ = {isa = PBXFileReference; fileEncoding = 4; lastKnownFileType = sourcecode.swift; path = LazyVGridView.swift; sourceTree = "<group>"; };
		EE287F552BC1DB3900F59E5F /* RadialGradientView.swift */ = {isa = PBXFileReference; fileEncoding = 4; lastKnownFileType = sourcecode.swift; path = RadialGradientView.swift; sourceTree = "<group>"; };
		EE287F562BC1DB3900F59E5F /* FormView.swift */ = {isa = PBXFileReference; fileEncoding = 4; lastKnownFileType = sourcecode.swift; path = FormView.swift; sourceTree = "<group>"; };
		EE287F572BC1DB3900F59E5F /* RoundedRectangleView.swift */ = {isa = PBXFileReference; fileEncoding = 4; lastKnownFileType = sourcecode.swift; path = RoundedRectangleView.swift; sourceTree = "<group>"; };
		EE287F582BC1DB3900F59E5F /* SpacerView.swift */ = {isa = PBXFileReference; fileEncoding = 4; lastKnownFileType = sourcecode.swift; path = SpacerView.swift; sourceTree = "<group>"; };
		EE287F592BC1DB3900F59E5F /* DatePickerView.swift */ = {isa = PBXFileReference; fileEncoding = 4; lastKnownFileType = sourcecode.swift; path = DatePickerView.swift; sourceTree = "<group>"; };
		EE287F5A2BC1DB3900F59E5F /* SliderView.swift */ = {isa = PBXFileReference; fileEncoding = 4; lastKnownFileType = sourcecode.swift; path = SliderView.swift; sourceTree = "<group>"; };
		EE287F5B2BC1DB3900F59E5F /* AlertView.swift */ = {isa = PBXFileReference; fileEncoding = 4; lastKnownFileType = sourcecode.swift; path = AlertView.swift; sourceTree = "<group>"; };
		EE287F5C2BC1DB3900F59E5F /* ZStackView.swift */ = {isa = PBXFileReference; fileEncoding = 4; lastKnownFileType = sourcecode.swift; path = ZStackView.swift; sourceTree = "<group>"; };
		EE287F5D2BC1DB3900F59E5F /* LazyHStackView.swift */ = {isa = PBXFileReference; fileEncoding = 4; lastKnownFileType = sourcecode.swift; path = LazyHStackView.swift; sourceTree = "<group>"; };
		EE287F5E2BC1DB3900F59E5F /* ActionSheetView.swift */ = {isa = PBXFileReference; fileEncoding = 4; lastKnownFileType = sourcecode.swift; path = ActionSheetView.swift; sourceTree = "<group>"; };
		EE287F5F2BC1DB3900F59E5F /* NavigationUIView.swift */ = {isa = PBXFileReference; fileEncoding = 4; lastKnownFileType = sourcecode.swift; path = NavigationUIView.swift; sourceTree = "<group>"; };
		EE287F602BC1DB3900F59E5F /* TextEditorView.swift */ = {isa = PBXFileReference; fileEncoding = 4; lastKnownFileType = sourcecode.swift; path = TextEditorView.swift; sourceTree = "<group>"; };
		EE287F612BC1DB3900F59E5F /* CircleView.swift */ = {isa = PBXFileReference; fileEncoding = 4; lastKnownFileType = sourcecode.swift; path = CircleView.swift; sourceTree = "<group>"; };
		EE287F622BC1DB3900F59E5F /* ImageView.swift */ = {isa = PBXFileReference; fileEncoding = 4; lastKnownFileType = sourcecode.swift; path = ImageView.swift; sourceTree = "<group>"; };
		EE287F632BC1DB3900F59E5F /* ContextMenuView.swift */ = {isa = PBXFileReference; fileEncoding = 4; lastKnownFileType = sourcecode.swift; path = ContextMenuView.swift; sourceTree = "<group>"; };
		EE287F642BC1DB3900F59E5F /* ActivityIndicatorView.swift */ = {isa = PBXFileReference; fileEncoding = 4; lastKnownFileType = sourcecode.swift; path = ActivityIndicatorView.swift; sourceTree = "<group>"; };
		EE287F652BC1DB3900F59E5F /* GroupUIView.swift */ = {isa = PBXFileReference; fileEncoding = 4; lastKnownFileType = sourcecode.swift; path = GroupUIView.swift; sourceTree = "<group>"; };
		EE287F662BC1DB3900F59E5F /* VStackView.swift */ = {isa = PBXFileReference; fileEncoding = 4; lastKnownFileType = sourcecode.swift; path = VStackView.swift; sourceTree = "<group>"; };
		EE287F672BC1DB3900F59E5F /* AccordionUIView.swift */ = {isa = PBXFileReference; fileEncoding = 4; lastKnownFileType = sourcecode.swift; path = AccordionUIView.swift; sourceTree = "<group>"; };
		EE287F682BC1DB3900F59E5F /* LazyHGridView.swift */ = {isa = PBXFileReference; fileEncoding = 4; lastKnownFileType = sourcecode.swift; path = LazyHGridView.swift; sourceTree = "<group>"; };
		EE287F692BC1DB3900F59E5F /* ButtonView.swift */ = {isa = PBXFileReference; fileEncoding = 4; lastKnownFileType = sourcecode.swift; path = ButtonView.swift; sourceTree = "<group>"; };
		EE287F6A2BC1DB3900F59E5F /* EllipseView.swift */ = {isa = PBXFileReference; fileEncoding = 4; lastKnownFileType = sourcecode.swift; path = EllipseView.swift; sourceTree = "<group>"; };
		EE287F6B2BC1DB3900F59E5F /* CapsuleView.swift */ = {isa = PBXFileReference; fileEncoding = 4; lastKnownFileType = sourcecode.swift; path = CapsuleView.swift; sourceTree = "<group>"; };
		EE694BE12BC1CA1C0010722F /* GoogleService-Info.plist */ = {isa = PBXFileReference; fileEncoding = 4; lastKnownFileType = text.plist.xml; path = "GoogleService-Info.plist"; sourceTree = "<group>"; };
		EE694BE42BC1CA4B0010722F /* WelcomeView.swift */ = {isa = PBXFileReference; fileEncoding = 4; lastKnownFileType = sourcecode.swift; path = WelcomeView.swift; sourceTree = "<group>"; };
		EE694BE52BC1CA4B0010722F /* HomeView.swift */ = {isa = PBXFileReference; fileEncoding = 4; lastKnownFileType = sourcecode.swift; path = HomeView.swift; sourceTree = "<group>"; };
		EE694BE62BC1CA4B0010722F /* SignInView.swift */ = {isa = PBXFileReference; fileEncoding = 4; lastKnownFileType = sourcecode.swift; path = SignInView.swift; sourceTree = "<group>"; };
		EE694BE72BC1CA4B0010722F /* SignUpView.swift */ = {isa = PBXFileReference; fileEncoding = 4; lastKnownFileType = sourcecode.swift; path = SignUpView.swift; sourceTree = "<group>"; };
		EE694BE92BC1CA4B0010722F /* SignInSignUpButtonView.swift */ = {isa = PBXFileReference; fileEncoding = 4; lastKnownFileType = sourcecode.swift; path = SignInSignUpButtonView.swift; sourceTree = "<group>"; };
		EE694BEA2BC1CA4B0010722F /* SignOutButtonView.swift */ = {isa = PBXFileReference; fileEncoding = 4; lastKnownFileType = sourcecode.swift; path = SignOutButtonView.swift; sourceTree = "<group>"; };
		EE920E232BB9CCAD0049C96E /* SnapLens.app */ = {isa = PBXFileReference; explicitFileType = wrapper.application; includeInIndex = 0; path = SnapLens.app; sourceTree = BUILT_PRODUCTS_DIR; };
		EE920E262BB9CCAD0049C96E /* SnapLensApp.swift */ = {isa = PBXFileReference; lastKnownFileType = sourcecode.swift; path = SnapLensApp.swift; sourceTree = "<group>"; };
		EE920E282BB9CCAD0049C96E /* ContentView.swift */ = {isa = PBXFileReference; lastKnownFileType = sourcecode.swift; path = ContentView.swift; sourceTree = "<group>"; };
		EE920E2A2BB9CCB20049C96E /* Assets.xcassets */ = {isa = PBXFileReference; lastKnownFileType = folder.assetcatalog; path = Assets.xcassets; sourceTree = "<group>"; };
		EE920E2D2BB9CCB20049C96E /* Preview Assets.xcassets */ = {isa = PBXFileReference; lastKnownFileType = folder.assetcatalog; path = "Preview Assets.xcassets"; sourceTree = "<group>"; };
		EE920E332BB9CCB30049C96E /* SnapLensTests.xctest */ = {isa = PBXFileReference; explicitFileType = wrapper.cfbundle; includeInIndex = 0; path = SnapLensTests.xctest; sourceTree = BUILT_PRODUCTS_DIR; };
		EE920E372BB9CCB30049C96E /* SnapLensTests.swift */ = {isa = PBXFileReference; lastKnownFileType = sourcecode.swift; path = SnapLensTests.swift; sourceTree = "<group>"; };
		EE920E3D2BB9CCB30049C96E /* SnapLensUITests.xctest */ = {isa = PBXFileReference; explicitFileType = wrapper.cfbundle; includeInIndex = 0; path = SnapLensUITests.xctest; sourceTree = BUILT_PRODUCTS_DIR; };
		EE920E412BB9CCB30049C96E /* SnapLensUITests.swift */ = {isa = PBXFileReference; lastKnownFileType = sourcecode.swift; path = SnapLensUITests.swift; sourceTree = "<group>"; };
		EE920E432BB9CCB30049C96E /* SnapLensUITestsLaunchTests.swift */ = {isa = PBXFileReference; lastKnownFileType = sourcecode.swift; path = SnapLensUITestsLaunchTests.swift; sourceTree = "<group>"; };
		EE920E562BB9D44C0049C96E /* AuthExtension.swift */ = {isa = PBXFileReference; lastKnownFileType = sourcecode.swift; path = AuthExtension.swift; sourceTree = "<group>"; };
		EE920E582BB9D4550049C96E /* AuthEnum.swift */ = {isa = PBXFileReference; lastKnownFileType = sourcecode.swift; path = AuthEnum.swift; sourceTree = "<group>"; };
		EE920E5A2BB9D4890049C96E /* AuthModel.swift */ = {isa = PBXFileReference; lastKnownFileType = sourcecode.swift; path = AuthModel.swift; sourceTree = "<group>"; };
		EE920E5F2BB9D4B70049C96E /* AuthController.swift */ = {isa = PBXFileReference; lastKnownFileType = sourcecode.swift; path = AuthController.swift; sourceTree = "<group>"; };
		EE920E612BB9D4D60049C96E /* SplashView.swift */ = {isa = PBXFileReference; lastKnownFileType = sourcecode.swift; path = SplashView.swift; sourceTree = "<group>"; };
		EE920E642BB9D6460049C96E /* APIRequest.swift */ = {isa = PBXFileReference; lastKnownFileType = sourcecode.swift; path = APIRequest.swift; sourceTree = "<group>"; };
		EE9D30902BC1B42E00A1295E /* AppDelegate.swift */ = {isa = PBXFileReference; lastKnownFileType = sourcecode.swift; path = AppDelegate.swift; sourceTree = "<group>"; };
/* End PBXFileReference section */

/* Begin PBXFrameworksBuildPhase section */
		EE920E202BB9CCAD0049C96E /* Frameworks */ = {
			isa = PBXFrameworksBuildPhase;
			buildActionMask = 2147483647;
			files = (
				EE9D308F2BC1B36F00A1295E /* FirebaseAuth in Frameworks */,
			);
			runOnlyForDeploymentPostprocessing = 0;
		};
		EE920E302BB9CCB30049C96E /* Frameworks */ = {
			isa = PBXFrameworksBuildPhase;
			buildActionMask = 2147483647;
			files = (
			);
			runOnlyForDeploymentPostprocessing = 0;
		};
		EE920E3A2BB9CCB30049C96E /* Frameworks */ = {
			isa = PBXFrameworksBuildPhase;
			buildActionMask = 2147483647;
			files = (
			);
			runOnlyForDeploymentPostprocessing = 0;
		};
/* End PBXFrameworksBuildPhase section */

/* Begin PBXGroup section */
		EE2492EA2BC2CC8700051E5E /* Auth */ = {
			isa = PBXGroup;
			children = (
				EE2492F12BC2CD7C00051E5E /* Normal */,
				EE2492F02BC2CD7500051E5E /* Firebase */,
			);
			path = Auth;
			sourceTree = "<group>";
		};
		EE2492F02BC2CD7500051E5E /* Firebase */ = {
			isa = PBXGroup;
			children = (
				EE694BE82BC1CA4B0010722F /* Widgets */,
				EE694BE62BC1CA4B0010722F /* SignInView.swift */,
				EE694BE72BC1CA4B0010722F /* SignUpView.swift */,
				EE694BE52BC1CA4B0010722F /* HomeView.swift */,
				EE694BE42BC1CA4B0010722F /* WelcomeView.swift */,
			);
			path = Firebase;
			sourceTree = "<group>";
		};
		EE2492F12BC2CD7C00051E5E /* Normal */ = {
			isa = PBXGroup;
			children = (
				EE2492EB2BC2CC9D00051E5E /* LoginView.swift */,
				EE2492ED2BC2CCAE00051E5E /* SignupView.swift */,
				EE2492F22BC2CF2200051E5E /* DashboardView.swift */,
			);
			path = Normal;
			sourceTree = "<group>";
		};
		EE2492FA2BC2F24A00051E5E /* Camera */ = {
			isa = PBXGroup;
			children = (
				EE2492FB2BC2F27200051E5E /* CameraView.swift */,
			);
			path = Camera;
			sourceTree = "<group>";
		};
		EE287F412BC1DAE600F59E5F /* Learning */ = {
			isa = PBXGroup;
			children = (
				EE287F442BC1DB3900F59E5F /* Widgets */,
				EE287F422BC1DB2D00F59E5F /* LearningView.swift */,
			);
			path = Learning;
			sourceTree = "<group>";
		};
		EE287F442BC1DB3900F59E5F /* Widgets */ = {
			isa = PBXGroup;
			children = (
				EE287F452BC1DB3900F59E5F /* ProgressUIView.swift */,
				EE287F462BC1DB3900F59E5F /* DividerView.swift */,
				EE287F472BC1DB3900F59E5F /* ScrollUIView.swift */,
				EE287F482BC1DB3900F59E5F /* ColorPickerView.swift */,
				EE287F492BC1DB3900F59E5F /* PickerView.swift */,
				EE287F4A2BC1DB3900F59E5F /* StepperView.swift */,
				EE287F4B2BC1DB3900F59E5F /* LazyVStackView.swift */,
				EE287F4C2BC1DB3900F59E5F /* GaugeView.swift */,
				EE287F4D2BC1DB3900F59E5F /* ListView.swift */,
				EE287F4E2BC1DB3900F59E5F /* LinearGradientView.swift */,
				EE287F4F2BC1DB3900F59E5F /* TextFieldView.swift */,
				EE287F502BC1DB3900F59E5F /* ToggleView.swift */,
				EE287F512BC1DB3900F59E5F /* DisclosureGroupView.swift */,
				EE287F522BC1DB3900F59E5F /* AngularGradientView.swift */,
				EE287F532BC1DB3900F59E5F /* HStackView.swift */,
				EE287F542BC1DB3900F59E5F /* LazyVGridView.swift */,
				EE287F552BC1DB3900F59E5F /* RadialGradientView.swift */,
				EE287F562BC1DB3900F59E5F /* FormView.swift */,
				EE287F572BC1DB3900F59E5F /* RoundedRectangleView.swift */,
				EE287F582BC1DB3900F59E5F /* SpacerView.swift */,
				EE287F592BC1DB3900F59E5F /* DatePickerView.swift */,
				EE287F5A2BC1DB3900F59E5F /* SliderView.swift */,
				EE287F5B2BC1DB3900F59E5F /* AlertView.swift */,
				EE287F5C2BC1DB3900F59E5F /* ZStackView.swift */,
				EE287F5D2BC1DB3900F59E5F /* LazyHStackView.swift */,
				EE287F5E2BC1DB3900F59E5F /* ActionSheetView.swift */,
				EE287F5F2BC1DB3900F59E5F /* NavigationUIView.swift */,
				EE287F602BC1DB3900F59E5F /* TextEditorView.swift */,
				EE287F612BC1DB3900F59E5F /* CircleView.swift */,
				EE287F622BC1DB3900F59E5F /* ImageView.swift */,
				EE287F632BC1DB3900F59E5F /* ContextMenuView.swift */,
				EE287F642BC1DB3900F59E5F /* ActivityIndicatorView.swift */,
				EE287F652BC1DB3900F59E5F /* GroupUIView.swift */,
				EE287F662BC1DB3900F59E5F /* VStackView.swift */,
				EE287F672BC1DB3900F59E5F /* AccordionUIView.swift */,
				EE287F682BC1DB3900F59E5F /* LazyHGridView.swift */,
				EE287F692BC1DB3900F59E5F /* ButtonView.swift */,
				EE287F6A2BC1DB3900F59E5F /* EllipseView.swift */,
				EE287F6B2BC1DB3900F59E5F /* CapsuleView.swift */,
			);
			path = Widgets;
			sourceTree = "<group>";
		};
		EE694BE82BC1CA4B0010722F /* Widgets */ = {
			isa = PBXGroup;
			children = (
				EE694BE92BC1CA4B0010722F /* SignInSignUpButtonView.swift */,
				EE694BEA2BC1CA4B0010722F /* SignOutButtonView.swift */,
			);
			path = Widgets;
			sourceTree = "<group>";
		};
		EE920E1A2BB9CCAD0049C96E = {
			isa = PBXGroup;
			children = (
				EE920E252BB9CCAD0049C96E /* SnapLens */,
				EE920E362BB9CCB30049C96E /* SnapLensTests */,
				EE920E402BB9CCB30049C96E /* SnapLensUITests */,
				EE920E242BB9CCAD0049C96E /* Products */,
				EE9D308D2BC1B36F00A1295E /* Frameworks */,
			);
			sourceTree = "<group>";
		};
		EE920E242BB9CCAD0049C96E /* Products */ = {
			isa = PBXGroup;
			children = (
				EE920E232BB9CCAD0049C96E /* SnapLens.app */,
				EE920E332BB9CCB30049C96E /* SnapLensTests.xctest */,
				EE920E3D2BB9CCB30049C96E /* SnapLensUITests.xctest */,
			);
			name = Products;
			sourceTree = "<group>";
		};
		EE920E252BB9CCAD0049C96E /* SnapLens */ = {
			isa = PBXGroup;
			children = (
				EE694BE12BC1CA1C0010722F /* GoogleService-Info.plist */,
				EE920E632BB9D6280049C96E /* Utilities */,
				EE920E532BB9D1F40049C96E /* Core */,
				EE920E522BB9D1E60049C96E /* Models */,
				EE920E512BB9D1E00049C96E /* Views */,
				EE920E502BB9D1D40049C96E /* Controllers */,
				EE920E262BB9CCAD0049C96E /* SnapLensApp.swift */,
				EE9D30902BC1B42E00A1295E /* AppDelegate.swift */,
				EE920E282BB9CCAD0049C96E /* ContentView.swift */,
				EE920E2A2BB9CCB20049C96E /* Assets.xcassets */,
				EE920E2C2BB9CCB20049C96E /* Preview Content */,
			);
			path = SnapLens;
			sourceTree = "<group>";
		};
		EE920E2C2BB9CCB20049C96E /* Preview Content */ = {
			isa = PBXGroup;
			children = (
				EE920E2D2BB9CCB20049C96E /* Preview Assets.xcassets */,
			);
			path = "Preview Content";
			sourceTree = "<group>";
		};
		EE920E362BB9CCB30049C96E /* SnapLensTests */ = {
			isa = PBXGroup;
			children = (
				EE920E372BB9CCB30049C96E /* SnapLensTests.swift */,
			);
			path = SnapLensTests;
			sourceTree = "<group>";
		};
		EE920E402BB9CCB30049C96E /* SnapLensUITests */ = {
			isa = PBXGroup;
			children = (
				EE920E412BB9CCB30049C96E /* SnapLensUITests.swift */,
				EE920E432BB9CCB30049C96E /* SnapLensUITestsLaunchTests.swift */,
			);
			path = SnapLensUITests;
			sourceTree = "<group>";
		};
		EE920E502BB9D1D40049C96E /* Controllers */ = {
			isa = PBXGroup;
			children = (
				EE920E5F2BB9D4B70049C96E /* AuthController.swift */,
			);
			path = Controllers;
			sourceTree = "<group>";
		};
		EE920E512BB9D1E00049C96E /* Views */ = {
			isa = PBXGroup;
			children = (
				EE2492FA2BC2F24A00051E5E /* Camera */,
				EE2492EA2BC2CC8700051E5E /* Auth */,
				EE287F412BC1DAE600F59E5F /* Learning */,
				EE920E5C2BB9D4970049C96E /* Splash */,
			);
			path = Views;
			sourceTree = "<group>";
		};
		EE920E522BB9D1E60049C96E /* Models */ = {
			isa = PBXGroup;
			children = (
				EE920E5A2BB9D4890049C96E /* AuthModel.swift */,
			);
			path = Models;
			sourceTree = "<group>";
		};
		EE920E532BB9D1F40049C96E /* Core */ = {
			isa = PBXGroup;
			children = (
				EE920E552BB9D2540049C96E /* Extensions */,
				EE920E542BB9D2470049C96E /* Enums */,
			);
			path = Core;
			sourceTree = "<group>";
		};
		EE920E542BB9D2470049C96E /* Enums */ = {
			isa = PBXGroup;
			children = (
				EE920E582BB9D4550049C96E /* AuthEnum.swift */,
			);
			path = Enums;
			sourceTree = "<group>";
		};
		EE920E552BB9D2540049C96E /* Extensions */ = {
			isa = PBXGroup;
			children = (
				EE920E562BB9D44C0049C96E /* AuthExtension.swift */,
			);
			path = Extensions;
			sourceTree = "<group>";
		};
		EE920E5C2BB9D4970049C96E /* Splash */ = {
			isa = PBXGroup;
			children = (
				EE920E612BB9D4D60049C96E /* SplashView.swift */,
			);
			path = Splash;
			sourceTree = "<group>";
		};
		EE920E632BB9D6280049C96E /* Utilities */ = {
			isa = PBXGroup;
			children = (
				EE920E642BB9D6460049C96E /* APIRequest.swift */,
				EE2492F82BC2E2D800051E5E /* Keys.swift */,
			);
			path = Utilities;
			sourceTree = "<group>";
		};
		EE9D308D2BC1B36F00A1295E /* Frameworks */ = {
			isa = PBXGroup;
			children = (
			);
			name = Frameworks;
			sourceTree = "<group>";
		};
/* End PBXGroup section */

/* Begin PBXNativeTarget section */
		EE920E222BB9CCAD0049C96E /* SnapLens */ = {
			isa = PBXNativeTarget;
			buildConfigurationList = EE920E472BB9CCB30049C96E /* Build configuration list for PBXNativeTarget "SnapLens" */;
			buildPhases = (
				EE920E1F2BB9CCAD0049C96E /* Sources */,
				EE920E202BB9CCAD0049C96E /* Frameworks */,
				EE920E212BB9CCAD0049C96E /* Resources */,
			);
			buildRules = (
			);
			dependencies = (
			);
			name = SnapLens;
			packageProductDependencies = (
				EE9D308E2BC1B36F00A1295E /* FirebaseAuth */,
			);
			productName = SnapLens;
			productReference = EE920E232BB9CCAD0049C96E /* SnapLens.app */;
			productType = "com.apple.product-type.application";
		};
		EE920E322BB9CCB30049C96E /* SnapLensTests */ = {
			isa = PBXNativeTarget;
			buildConfigurationList = EE920E4A2BB9CCB30049C96E /* Build configuration list for PBXNativeTarget "SnapLensTests" */;
			buildPhases = (
				EE920E2F2BB9CCB30049C96E /* Sources */,
				EE920E302BB9CCB30049C96E /* Frameworks */,
				EE920E312BB9CCB30049C96E /* Resources */,
			);
			buildRules = (
			);
			dependencies = (
				EE920E352BB9CCB30049C96E /* PBXTargetDependency */,
			);
			name = SnapLensTests;
			productName = SnapLensTests;
			productReference = EE920E332BB9CCB30049C96E /* SnapLensTests.xctest */;
			productType = "com.apple.product-type.bundle.unit-test";
		};
		EE920E3C2BB9CCB30049C96E /* SnapLensUITests */ = {
			isa = PBXNativeTarget;
			buildConfigurationList = EE920E4D2BB9CCB30049C96E /* Build configuration list for PBXNativeTarget "SnapLensUITests" */;
			buildPhases = (
				EE920E392BB9CCB30049C96E /* Sources */,
				EE920E3A2BB9CCB30049C96E /* Frameworks */,
				EE920E3B2BB9CCB30049C96E /* Resources */,
			);
			buildRules = (
			);
			dependencies = (
				EE920E3F2BB9CCB30049C96E /* PBXTargetDependency */,
			);
			name = SnapLensUITests;
			productName = SnapLensUITests;
			productReference = EE920E3D2BB9CCB30049C96E /* SnapLensUITests.xctest */;
			productType = "com.apple.product-type.bundle.ui-testing";
		};
/* End PBXNativeTarget section */

/* Begin PBXProject section */
		EE920E1B2BB9CCAD0049C96E /* Project object */ = {
			isa = PBXProject;
			attributes = {
				BuildIndependentTargetsInParallel = 1;
				LastSwiftUpdateCheck = 1420;
				LastUpgradeCheck = 1420;
				TargetAttributes = {
					EE920E222BB9CCAD0049C96E = {
						CreatedOnToolsVersion = 14.2;
					};
					EE920E322BB9CCB30049C96E = {
						CreatedOnToolsVersion = 14.2;
						TestTargetID = EE920E222BB9CCAD0049C96E;
					};
					EE920E3C2BB9CCB30049C96E = {
						CreatedOnToolsVersion = 14.2;
						TestTargetID = EE920E222BB9CCAD0049C96E;
					};
				};
			};
			buildConfigurationList = EE920E1E2BB9CCAD0049C96E /* Build configuration list for PBXProject "SnapLens" */;
			compatibilityVersion = "Xcode 14.0";
			developmentRegion = en;
			hasScannedForEncodings = 0;
			knownRegions = (
				en,
				Base,
			);
			mainGroup = EE920E1A2BB9CCAD0049C96E;
			packageReferences = (
				EE9D308C2BC1B23000A1295E /* XCRemoteSwiftPackageReference "firebase-ios-sdk" */,
			);
			productRefGroup = EE920E242BB9CCAD0049C96E /* Products */;
			projectDirPath = "";
			projectRoot = "";
			targets = (
				EE920E222BB9CCAD0049C96E /* SnapLens */,
				EE920E322BB9CCB30049C96E /* SnapLensTests */,
				EE920E3C2BB9CCB30049C96E /* SnapLensUITests */,
			);
		};
/* End PBXProject section */

/* Begin PBXResourcesBuildPhase section */
		EE920E212BB9CCAD0049C96E /* Resources */ = {
			isa = PBXResourcesBuildPhase;
			buildActionMask = 2147483647;
			files = (
				EE920E2E2BB9CCB20049C96E /* Preview Assets.xcassets in Resources */,
				EE920E2B2BB9CCB20049C96E /* Assets.xcassets in Resources */,
				EE694BE22BC1CA1C0010722F /* GoogleService-Info.plist in Resources */,
			);
			runOnlyForDeploymentPostprocessing = 0;
		};
		EE920E312BB9CCB30049C96E /* Resources */ = {
			isa = PBXResourcesBuildPhase;
			buildActionMask = 2147483647;
			files = (
			);
			runOnlyForDeploymentPostprocessing = 0;
		};
		EE920E3B2BB9CCB30049C96E /* Resources */ = {
			isa = PBXResourcesBuildPhase;
			buildActionMask = 2147483647;
			files = (
			);
			runOnlyForDeploymentPostprocessing = 0;
		};
/* End PBXResourcesBuildPhase section */

/* Begin PBXSourcesBuildPhase section */
		EE920E1F2BB9CCAD0049C96E /* Sources */ = {
			isa = PBXSourcesBuildPhase;
			buildActionMask = 2147483647;
			files = (
				EE2492EE2BC2CCAE00051E5E /* SignupView.swift in Sources */,
				EE920E592BB9D4550049C96E /* AuthEnum.swift in Sources */,
				EE287F7C2BC1DB3900F59E5F /* RadialGradientView.swift in Sources */,
				EE2492FC2BC2F27200051E5E /* CameraView.swift in Sources */,
				EE9D30912BC1B42E00A1295E /* AppDelegate.swift in Sources */,
				EE920E602BB9D4B70049C96E /* AuthController.swift in Sources */,
				EE694BEB2BC1CA4B0010722F /* WelcomeView.swift in Sources */,
				EE287F722BC1DB3900F59E5F /* LazyVStackView.swift in Sources */,
				EE287F7B2BC1DB3900F59E5F /* LazyVGridView.swift in Sources */,
				EE287F842BC1DB3900F59E5F /* LazyHStackView.swift in Sources */,
				EE287F8D2BC1DB3900F59E5F /* VStackView.swift in Sources */,
				EE287F6F2BC1DB3900F59E5F /* ColorPickerView.swift in Sources */,
				EE287F822BC1DB3900F59E5F /* AlertView.swift in Sources */,
				EE287F702BC1DB3900F59E5F /* PickerView.swift in Sources */,
				EE287F752BC1DB3900F59E5F /* LinearGradientView.swift in Sources */,
				EE287F892BC1DB3900F59E5F /* ImageView.swift in Sources */,
				EE287F762BC1DB3900F59E5F /* TextFieldView.swift in Sources */,
				EE287F912BC1DB3900F59E5F /* EllipseView.swift in Sources */,
				EE287F8C2BC1DB3900F59E5F /* GroupUIView.swift in Sources */,
				EE2492F92BC2E2D800051E5E /* Keys.swift in Sources */,
				EE287F742BC1DB3900F59E5F /* ListView.swift in Sources */,
				EE920E292BB9CCAD0049C96E /* ContentView.swift in Sources */,
				EE287F8A2BC1DB3900F59E5F /* ContextMenuView.swift in Sources */,
				EE920E272BB9CCAD0049C96E /* SnapLensApp.swift in Sources */,
				EE287F8E2BC1DB3900F59E5F /* AccordionUIView.swift in Sources */,
				EE2492EC2BC2CC9D00051E5E /* LoginView.swift in Sources */,
				EE287F802BC1DB3900F59E5F /* DatePickerView.swift in Sources */,
				EE694BEF2BC1CA4B0010722F /* SignInSignUpButtonView.swift in Sources */,
				EE287F8F2BC1DB3900F59E5F /* LazyHGridView.swift in Sources */,
				EE287F6C2BC1DB3900F59E5F /* ProgressUIView.swift in Sources */,
				EE694BED2BC1CA4B0010722F /* SignInView.swift in Sources */,
				EE287F6E2BC1DB3900F59E5F /* ScrollUIView.swift in Sources */,
				EE287F712BC1DB3900F59E5F /* StepperView.swift in Sources */,
				EE287F432BC1DB2D00F59E5F /* LearningView.swift in Sources */,
				EE287F832BC1DB3900F59E5F /* ZStackView.swift in Sources */,
				EE287F7F2BC1DB3900F59E5F /* SpacerView.swift in Sources */,
				EE287F8B2BC1DB3900F59E5F /* ActivityIndicatorView.swift in Sources */,
				EE287F862BC1DB3900F59E5F /* NavigationUIView.swift in Sources */,
				EE287F6D2BC1DB3900F59E5F /* DividerView.swift in Sources */,
				EE694BEC2BC1CA4B0010722F /* HomeView.swift in Sources */,
				EE287F7E2BC1DB3900F59E5F /* RoundedRectangleView.swift in Sources */,
				EE287F772BC1DB3900F59E5F /* ToggleView.swift in Sources */,
				EE287F872BC1DB3900F59E5F /* TextEditorView.swift in Sources */,
				EE694BEE2BC1CA4B0010722F /* SignUpView.swift in Sources */,
				EE920E572BB9D44C0049C96E /* AuthExtension.swift in Sources */,
				EE2492F32BC2CF2200051E5E /* DashboardView.swift in Sources */,
				EE694BF02BC1CA4B0010722F /* SignOutButtonView.swift in Sources */,
				EE920E5B2BB9D4890049C96E /* AuthModel.swift in Sources */,
				EE287F902BC1DB3900F59E5F /* ButtonView.swift in Sources */,
				EE287F792BC1DB3900F59E5F /* AngularGradientView.swift in Sources */,
				EE287F882BC1DB3900F59E5F /* CircleView.swift in Sources */,
				EE287F922BC1DB3900F59E5F /* CapsuleView.swift in Sources */,
				EE287F852BC1DB3900F59E5F /* ActionSheetView.swift in Sources */,
				EE920E652BB9D6460049C96E /* APIRequest.swift in Sources */,
				EE287F732BC1DB3900F59E5F /* GaugeView.swift in Sources */,
				EE287F782BC1DB3900F59E5F /* DisclosureGroupView.swift in Sources */,
				EE287F7A2BC1DB3900F59E5F /* HStackView.swift in Sources */,
				EE287F7D2BC1DB3900F59E5F /* FormView.swift in Sources */,
				EE920E622BB9D4D60049C96E /* SplashView.swift in Sources */,
				EE287F812BC1DB3900F59E5F /* SliderView.swift in Sources */,
			);
			runOnlyForDeploymentPostprocessing = 0;
		};
		EE920E2F2BB9CCB30049C96E /* Sources */ = {
			isa = PBXSourcesBuildPhase;
			buildActionMask = 2147483647;
			files = (
				EE920E382BB9CCB30049C96E /* SnapLensTests.swift in Sources */,
			);
			runOnlyForDeploymentPostprocessing = 0;
		};
		EE920E392BB9CCB30049C96E /* Sources */ = {
			isa = PBXSourcesBuildPhase;
			buildActionMask = 2147483647;
			files = (
				EE920E442BB9CCB30049C96E /* SnapLensUITestsLaunchTests.swift in Sources */,
				EE920E422BB9CCB30049C96E /* SnapLensUITests.swift in Sources */,
			);
			runOnlyForDeploymentPostprocessing = 0;
		};
/* End PBXSourcesBuildPhase section */

/* Begin PBXTargetDependency section */
		EE920E352BB9CCB30049C96E /* PBXTargetDependency */ = {
			isa = PBXTargetDependency;
			target = EE920E222BB9CCAD0049C96E /* SnapLens */;
			targetProxy = EE920E342BB9CCB30049C96E /* PBXContainerItemProxy */;
		};
		EE920E3F2BB9CCB30049C96E /* PBXTargetDependency */ = {
			isa = PBXTargetDependency;
			target = EE920E222BB9CCAD0049C96E /* SnapLens */;
			targetProxy = EE920E3E2BB9CCB30049C96E /* PBXContainerItemProxy */;
		};
/* End PBXTargetDependency section */

/* Begin XCBuildConfiguration section */
		EE920E452BB9CCB30049C96E /* Debug */ = {
			isa = XCBuildConfiguration;
			buildSettings = {
				ALWAYS_SEARCH_USER_PATHS = NO;
				CLANG_ANALYZER_NONNULL = YES;
				CLANG_ANALYZER_NUMBER_OBJECT_CONVERSION = YES_AGGRESSIVE;
				CLANG_CXX_LANGUAGE_STANDARD = "gnu++20";
				CLANG_ENABLE_MODULES = YES;
				CLANG_ENABLE_OBJC_ARC = YES;
				CLANG_ENABLE_OBJC_WEAK = YES;
				CLANG_WARN_BLOCK_CAPTURE_AUTORELEASING = YES;
				CLANG_WARN_BOOL_CONVERSION = YES;
				CLANG_WARN_COMMA = YES;
				CLANG_WARN_CONSTANT_CONVERSION = YES;
				CLANG_WARN_DEPRECATED_OBJC_IMPLEMENTATIONS = YES;
				CLANG_WARN_DIRECT_OBJC_ISA_USAGE = YES_ERROR;
				CLANG_WARN_DOCUMENTATION_COMMENTS = YES;
				CLANG_WARN_EMPTY_BODY = YES;
				CLANG_WARN_ENUM_CONVERSION = YES;
				CLANG_WARN_INFINITE_RECURSION = YES;
				CLANG_WARN_INT_CONVERSION = YES;
				CLANG_WARN_NON_LITERAL_NULL_CONVERSION = YES;
				CLANG_WARN_OBJC_IMPLICIT_RETAIN_SELF = YES;
				CLANG_WARN_OBJC_LITERAL_CONVERSION = YES;
				CLANG_WARN_OBJC_ROOT_CLASS = YES_ERROR;
				CLANG_WARN_QUOTED_INCLUDE_IN_FRAMEWORK_HEADER = YES;
				CLANG_WARN_RANGE_LOOP_ANALYSIS = YES;
				CLANG_WARN_STRICT_PROTOTYPES = YES;
				CLANG_WARN_SUSPICIOUS_MOVE = YES;
				CLANG_WARN_UNGUARDED_AVAILABILITY = YES_AGGRESSIVE;
				CLANG_WARN_UNREACHABLE_CODE = YES;
				CLANG_WARN__DUPLICATE_METHOD_MATCH = YES;
				COPY_PHASE_STRIP = NO;
				DEBUG_INFORMATION_FORMAT = dwarf;
				ENABLE_STRICT_OBJC_MSGSEND = YES;
				ENABLE_TESTABILITY = YES;
				GCC_C_LANGUAGE_STANDARD = gnu11;
				GCC_DYNAMIC_NO_PIC = NO;
				GCC_NO_COMMON_BLOCKS = YES;
				GCC_OPTIMIZATION_LEVEL = 0;
				GCC_PREPROCESSOR_DEFINITIONS = (
					"DEBUG=1",
					"$(inherited)",
				);
				GCC_WARN_64_TO_32_BIT_CONVERSION = YES;
				GCC_WARN_ABOUT_RETURN_TYPE = YES_ERROR;
				GCC_WARN_UNDECLARED_SELECTOR = YES;
				GCC_WARN_UNINITIALIZED_AUTOS = YES_AGGRESSIVE;
				GCC_WARN_UNUSED_FUNCTION = YES;
				GCC_WARN_UNUSED_VARIABLE = YES;
				IPHONEOS_DEPLOYMENT_TARGET = 16.2;
				MTL_ENABLE_DEBUG_INFO = INCLUDE_SOURCE;
				MTL_FAST_MATH = YES;
				ONLY_ACTIVE_ARCH = YES;
				SDKROOT = iphoneos;
				SWIFT_ACTIVE_COMPILATION_CONDITIONS = DEBUG;
				SWIFT_OPTIMIZATION_LEVEL = "-Onone";
			};
			name = Debug;
		};
		EE920E462BB9CCB30049C96E /* Release */ = {
			isa = XCBuildConfiguration;
			buildSettings = {
				ALWAYS_SEARCH_USER_PATHS = NO;
				CLANG_ANALYZER_NONNULL = YES;
				CLANG_ANALYZER_NUMBER_OBJECT_CONVERSION = YES_AGGRESSIVE;
				CLANG_CXX_LANGUAGE_STANDARD = "gnu++20";
				CLANG_ENABLE_MODULES = YES;
				CLANG_ENABLE_OBJC_ARC = YES;
				CLANG_ENABLE_OBJC_WEAK = YES;
				CLANG_WARN_BLOCK_CAPTURE_AUTORELEASING = YES;
				CLANG_WARN_BOOL_CONVERSION = YES;
				CLANG_WARN_COMMA = YES;
				CLANG_WARN_CONSTANT_CONVERSION = YES;
				CLANG_WARN_DEPRECATED_OBJC_IMPLEMENTATIONS = YES;
				CLANG_WARN_DIRECT_OBJC_ISA_USAGE = YES_ERROR;
				CLANG_WARN_DOCUMENTATION_COMMENTS = YES;
				CLANG_WARN_EMPTY_BODY = YES;
				CLANG_WARN_ENUM_CONVERSION = YES;
				CLANG_WARN_INFINITE_RECURSION = YES;
				CLANG_WARN_INT_CONVERSION = YES;
				CLANG_WARN_NON_LITERAL_NULL_CONVERSION = YES;
				CLANG_WARN_OBJC_IMPLICIT_RETAIN_SELF = YES;
				CLANG_WARN_OBJC_LITERAL_CONVERSION = YES;
				CLANG_WARN_OBJC_ROOT_CLASS = YES_ERROR;
				CLANG_WARN_QUOTED_INCLUDE_IN_FRAMEWORK_HEADER = YES;
				CLANG_WARN_RANGE_LOOP_ANALYSIS = YES;
				CLANG_WARN_STRICT_PROTOTYPES = YES;
				CLANG_WARN_SUSPICIOUS_MOVE = YES;
				CLANG_WARN_UNGUARDED_AVAILABILITY = YES_AGGRESSIVE;
				CLANG_WARN_UNREACHABLE_CODE = YES;
				CLANG_WARN__DUPLICATE_METHOD_MATCH = YES;
				COPY_PHASE_STRIP = NO;
				DEBUG_INFORMATION_FORMAT = "dwarf-with-dsym";
				ENABLE_NS_ASSERTIONS = NO;
				ENABLE_STRICT_OBJC_MSGSEND = YES;
				GCC_C_LANGUAGE_STANDARD = gnu11;
				GCC_NO_COMMON_BLOCKS = YES;
				GCC_WARN_64_TO_32_BIT_CONVERSION = YES;
				GCC_WARN_ABOUT_RETURN_TYPE = YES_ERROR;
				GCC_WARN_UNDECLARED_SELECTOR = YES;
				GCC_WARN_UNINITIALIZED_AUTOS = YES_AGGRESSIVE;
				GCC_WARN_UNUSED_FUNCTION = YES;
				GCC_WARN_UNUSED_VARIABLE = YES;
				IPHONEOS_DEPLOYMENT_TARGET = 16.2;
				MTL_ENABLE_DEBUG_INFO = NO;
				MTL_FAST_MATH = YES;
				SDKROOT = iphoneos;
				SWIFT_COMPILATION_MODE = wholemodule;
				SWIFT_OPTIMIZATION_LEVEL = "-O";
				VALIDATE_PRODUCT = YES;
			};
			name = Release;
		};
		EE920E482BB9CCB30049C96E /* Debug */ = {
			isa = XCBuildConfiguration;
			buildSettings = {
				ASSETCATALOG_COMPILER_APPICON_NAME = AppIcon;
				ASSETCATALOG_COMPILER_GLOBAL_ACCENT_COLOR_NAME = AccentColor;
				CODE_SIGN_STYLE = Automatic;
				CURRENT_PROJECT_VERSION = 1;
				DEVELOPMENT_ASSET_PATHS = "\"SnapLens/Preview Content\"";
				DEVELOPMENT_TEAM = 3K3WPM5989;
				ENABLE_PREVIEWS = YES;
				GENERATE_INFOPLIST_FILE = YES;
				INFOPLIST_KEY_NSCameraUsageDescription = "";
				INFOPLIST_KEY_UIApplicationSceneManifest_Generation = YES;
				INFOPLIST_KEY_UIApplicationSupportsIndirectInputEvents = YES;
				INFOPLIST_KEY_UILaunchScreen_Generation = YES;
				INFOPLIST_KEY_UISupportedInterfaceOrientations_iPad = "UIInterfaceOrientationPortrait UIInterfaceOrientationPortraitUpsideDown UIInterfaceOrientationLandscapeLeft UIInterfaceOrientationLandscapeRight";
				INFOPLIST_KEY_UISupportedInterfaceOrientations_iPhone = "UIInterfaceOrientationPortrait UIInterfaceOrientationLandscapeLeft UIInterfaceOrientationLandscapeRight";
				LD_RUNPATH_SEARCH_PATHS = (
					"$(inherited)",
					"@executable_path/Frameworks",
				);
				MARKETING_VERSION = 1.0;
				PRODUCT_BUNDLE_IDENTIFIER = com.learning.SnapLens;
				PRODUCT_NAME = "$(TARGET_NAME)";
				SWIFT_EMIT_LOC_STRINGS = YES;
				SWIFT_VERSION = 5.0;
				TARGETED_DEVICE_FAMILY = "1,2";
			};
			name = Debug;
		};
		EE920E492BB9CCB30049C96E /* Release */ = {
			isa = XCBuildConfiguration;
			buildSettings = {
				ASSETCATALOG_COMPILER_APPICON_NAME = AppIcon;
				ASSETCATALOG_COMPILER_GLOBAL_ACCENT_COLOR_NAME = AccentColor;
				CODE_SIGN_STYLE = Automatic;
				CURRENT_PROJECT_VERSION = 1;
				DEVELOPMENT_ASSET_PATHS = "\"SnapLens/Preview Content\"";
				DEVELOPMENT_TEAM = 3K3WPM5989;
				ENABLE_PREVIEWS = YES;
				GENERATE_INFOPLIST_FILE = YES;
				INFOPLIST_KEY_NSCameraUsageDescription = "";
				INFOPLIST_KEY_UIApplicationSceneManifest_Generation = YES;
				INFOPLIST_KEY_UIApplicationSupportsIndirectInputEvents = YES;
				INFOPLIST_KEY_UILaunchScreen_Generation = YES;
				INFOPLIST_KEY_UISupportedInterfaceOrientations_iPad = "UIInterfaceOrientationPortrait UIInterfaceOrientationPortraitUpsideDown UIInterfaceOrientationLandscapeLeft UIInterfaceOrientationLandscapeRight";
				INFOPLIST_KEY_UISupportedInterfaceOrientations_iPhone = "UIInterfaceOrientationPortrait UIInterfaceOrientationLandscapeLeft UIInterfaceOrientationLandscapeRight";
				LD_RUNPATH_SEARCH_PATHS = (
					"$(inherited)",
					"@executable_path/Frameworks",
				);
				MARKETING_VERSION = 1.0;
				PRODUCT_BUNDLE_IDENTIFIER = com.learning.SnapLens;
				PRODUCT_NAME = "$(TARGET_NAME)";
				SWIFT_EMIT_LOC_STRINGS = YES;
				SWIFT_VERSION = 5.0;
				TARGETED_DEVICE_FAMILY = "1,2";
			};
			name = Release;
		};
		EE920E4B2BB9CCB30049C96E /* Debug */ = {
			isa = XCBuildConfiguration;
			buildSettings = {
				ALWAYS_EMBED_SWIFT_STANDARD_LIBRARIES = YES;
				BUNDLE_LOADER = "$(TEST_HOST)";
				CODE_SIGN_STYLE = Automatic;
				CURRENT_PROJECT_VERSION = 1;
				DEVELOPMENT_TEAM = 3K3WPM5989;
				GENERATE_INFOPLIST_FILE = YES;
				IPHONEOS_DEPLOYMENT_TARGET = 16.2;
				MARKETING_VERSION = 1.0;
				PRODUCT_BUNDLE_IDENTIFIER = com.learning.SnapLensTests;
				PRODUCT_NAME = "$(TARGET_NAME)";
				SWIFT_EMIT_LOC_STRINGS = NO;
				SWIFT_VERSION = 5.0;
				TARGETED_DEVICE_FAMILY = "1,2";
				TEST_HOST = "$(BUILT_PRODUCTS_DIR)/SnapLens.app/$(BUNDLE_EXECUTABLE_FOLDER_PATH)/SnapLens";
			};
			name = Debug;
		};
		EE920E4C2BB9CCB30049C96E /* Release */ = {
			isa = XCBuildConfiguration;
			buildSettings = {
				ALWAYS_EMBED_SWIFT_STANDARD_LIBRARIES = YES;
				BUNDLE_LOADER = "$(TEST_HOST)";
				CODE_SIGN_STYLE = Automatic;
				CURRENT_PROJECT_VERSION = 1;
				DEVELOPMENT_TEAM = 3K3WPM5989;
				GENERATE_INFOPLIST_FILE = YES;
				IPHONEOS_DEPLOYMENT_TARGET = 16.2;
				MARKETING_VERSION = 1.0;
				PRODUCT_BUNDLE_IDENTIFIER = com.learning.SnapLensTests;
				PRODUCT_NAME = "$(TARGET_NAME)";
				SWIFT_EMIT_LOC_STRINGS = NO;
				SWIFT_VERSION = 5.0;
				TARGETED_DEVICE_FAMILY = "1,2";
				TEST_HOST = "$(BUILT_PRODUCTS_DIR)/SnapLens.app/$(BUNDLE_EXECUTABLE_FOLDER_PATH)/SnapLens";
			};
			name = Release;
		};
		EE920E4E2BB9CCB30049C96E /* Debug */ = {
			isa = XCBuildConfiguration;
			buildSettings = {
				ALWAYS_EMBED_SWIFT_STANDARD_LIBRARIES = YES;
				CODE_SIGN_STYLE = Automatic;
				CURRENT_PROJECT_VERSION = 1;
				DEVELOPMENT_TEAM = 3K3WPM5989;
				GENERATE_INFOPLIST_FILE = YES;
				MARKETING_VERSION = 1.0;
				PRODUCT_BUNDLE_IDENTIFIER = com.learning.SnapLensUITests;
				PRODUCT_NAME = "$(TARGET_NAME)";
				SWIFT_EMIT_LOC_STRINGS = NO;
				SWIFT_VERSION = 5.0;
				TARGETED_DEVICE_FAMILY = "1,2";
				TEST_TARGET_NAME = SnapLens;
			};
			name = Debug;
		};
		EE920E4F2BB9CCB30049C96E /* Release */ = {
			isa = XCBuildConfiguration;
			buildSettings = {
				ALWAYS_EMBED_SWIFT_STANDARD_LIBRARIES = YES;
				CODE_SIGN_STYLE = Automatic;
				CURRENT_PROJECT_VERSION = 1;
				DEVELOPMENT_TEAM = 3K3WPM5989;
				GENERATE_INFOPLIST_FILE = YES;
				MARKETING_VERSION = 1.0;
				PRODUCT_BUNDLE_IDENTIFIER = com.learning.SnapLensUITests;
				PRODUCT_NAME = "$(TARGET_NAME)";
				SWIFT_EMIT_LOC_STRINGS = NO;
				SWIFT_VERSION = 5.0;
				TARGETED_DEVICE_FAMILY = "1,2";
				TEST_TARGET_NAME = SnapLens;
			};
			name = Release;
		};
/* End XCBuildConfiguration section */

/* Begin XCConfigurationList section */
		EE920E1E2BB9CCAD0049C96E /* Build configuration list for PBXProject "SnapLens" */ = {
			isa = XCConfigurationList;
			buildConfigurations = (
				EE920E452BB9CCB30049C96E /* Debug */,
				EE920E462BB9CCB30049C96E /* Release */,
			);
			defaultConfigurationIsVisible = 0;
			defaultConfigurationName = Release;
		};
		EE920E472BB9CCB30049C96E /* Build configuration list for PBXNativeTarget "SnapLens" */ = {
			isa = XCConfigurationList;
			buildConfigurations = (
				EE920E482BB9CCB30049C96E /* Debug */,
				EE920E492BB9CCB30049C96E /* Release */,
			);
			defaultConfigurationIsVisible = 0;
			defaultConfigurationName = Release;
		};
		EE920E4A2BB9CCB30049C96E /* Build configuration list for PBXNativeTarget "SnapLensTests" */ = {
			isa = XCConfigurationList;
			buildConfigurations = (
				EE920E4B2BB9CCB30049C96E /* Debug */,
				EE920E4C2BB9CCB30049C96E /* Release */,
			);
			defaultConfigurationIsVisible = 0;
			defaultConfigurationName = Release;
		};
		EE920E4D2BB9CCB30049C96E /* Build configuration list for PBXNativeTarget "SnapLensUITests" */ = {
			isa = XCConfigurationList;
			buildConfigurations = (
				EE920E4E2BB9CCB30049C96E /* Debug */,
				EE920E4F2BB9CCB30049C96E /* Release */,
			);
			defaultConfigurationIsVisible = 0;
			defaultConfigurationName = Release;
		};
/* End XCConfigurationList section */

/* Begin XCRemoteSwiftPackageReference section */
		EE9D308C2BC1B23000A1295E /* XCRemoteSwiftPackageReference "firebase-ios-sdk" */ = {
			isa = XCRemoteSwiftPackageReference;
			repositoryURL = "https://github.com/firebase/firebase-ios-sdk";
			requirement = {
				kind = upToNextMajorVersion;
				minimumVersion = 9.0.0;
			};
		};
/* End XCRemoteSwiftPackageReference section */

/* Begin XCSwiftPackageProductDependency section */
		EE9D308E2BC1B36F00A1295E /* FirebaseAuth */ = {
			isa = XCSwiftPackageProductDependency;
			package = EE9D308C2BC1B23000A1295E /* XCRemoteSwiftPackageReference "firebase-ios-sdk" */;
			productName = FirebaseAuth;
		};
/* End XCSwiftPackageProductDependency section */
	};
	rootObject = EE920E1B2BB9CCAD0049C96E /* Project object */;
}
